
Microsoft Visual Studio Solution File, Format Version 12.00
# Visual Studio 15
VisualStudioVersion = 15.0.27004.2008
MinimumVisualStudioVersion = 10.0.40219.1
Project("{FAE04EC0-301F-11D3-BF4B-00C04F79EFBC}") = "TietoTest", "TietoTest\TietoTest.csproj", "{36C4BE8E-23FD-43CD-ACA9-AC4475BCFFC1}"
EndProject
Global
	GlobalSection(SolutionConfigurationPlatforms) = preSolution
		Debug|Any CPU = Debug|Any CPU
		Release|Any CPU = Release|Any CPU
	EndGlobalSection
	GlobalSection(ProjectConfigurationPlatforms) = postSolution
		{36C4BE8E-23FD-43CD-ACA9-AC4475BCFFC1}.Debug|Any CPU.ActiveCfg = Debug|Any CPU
		{36C4BE8E-23FD-43CD-ACA9-AC4475BCFFC1}.Debug|Any CPU.Build.0 = Debug|Any CPU
		{36C4BE8E-23FD-43CD-ACA9-AC4475BCFFC1}.Release|Any CPU.ActiveCfg = Release|Any CPU
		{36C4BE8E-23FD-43CD-ACA9-AC4475BCFFC1}.Release|Any CPU.Build.0 = Release|Any CPU
	EndGlobalSection
	GlobalSection(SolutionProperties) = preSolution
		HideSolutionNode = FALSE
	EndGlobalSection
	GlobalSection(ExtensibilityGlobals) = postSolution
		SolutionGuid = {2BE221F3-9F89-4F95-92E4-E19BB692BCC7}
	EndGlobalSection
EndGlobal
